
Microsoft Visual Studio Solution File, Format Version 12.00
# Visual Studio Version 16
VisualStudioVersion = 16.0.31911.196
MinimumVisualStudioVersion = 10.0.40219.1
Project("{FAE04EC0-301F-11D3-BF4B-00C04F79EFBC}") = "TomTec.RoundBuy.API", "TomTec.RoundBuy.API\TomTec.RoundBuy.API.csproj", "{7FC70FDB-C4C8-4770-AE86-2E6080E6BDB4}"
EndProject
Project("{2150E333-8FDC-42A3-9474-1A3956D46DE8}") = "Buiness", "Buiness", "{4FB72039-AB6C-48C8-B745-D8860F4349F3}"
EndProject
Project("{2150E333-8FDC-42A3-9474-1A3956D46DE8}") = "Data", "Data", "{0FB2AD62-60D2-47C6-8A6D-E397A414DAC9}"
EndProject
Project("{2150E333-8FDC-42A3-9474-1A3956D46DE8}") = "Libs", "Libs", "{E781531F-092B-4BA7-88FE-3386629406E5}"
EndProject
Project("{FAE04EC0-301F-11D3-BF4B-00C04F79EFBC}") = "TomTec.RoundBuy.Models", "TomTec.RoundBuy.Models\TomTec.RoundBuy.Models.csproj", "{17D42C71-9364-4515-A4B2-AAC5C23ADD57}"
EndProject
Project("{FAE04EC0-301F-11D3-BF4B-00C04F79EFBC}") = "TomTec.RoundBuy.Data", "TomTec.RoundBuy.Data\TomTec.RoundBuy.Data.csproj", "{2695E959-97CA-4006-85ED-1977E516EEA0}"
EndProject
Global
	GlobalSection(SolutionConfigurationPlatforms) = preSolution
		Debug|Any CPU = Debug|Any CPU
		Release|Any CPU = Release|Any CPU
	EndGlobalSection
	GlobalSection(ProjectConfigurationPlatforms) = postSolution
		{7FC70FDB-C4C8-4770-AE86-2E6080E6BDB4}.Debug|Any CPU.ActiveCfg = Debug|Any CPU
		{7FC70FDB-C4C8-4770-AE86-2E6080E6BDB4}.Debug|Any CPU.Build.0 = Debug|Any CPU
		{7FC70FDB-C4C8-4770-AE86-2E6080E6BDB4}.Release|Any CPU.ActiveCfg = Release|Any CPU
		{7FC70FDB-C4C8-4770-AE86-2E6080E6BDB4}.Release|Any CPU.Build.0 = Release|Any CPU
		{17D42C71-9364-4515-A4B2-AAC5C23ADD57}.Debug|Any CPU.ActiveCfg = Debug|Any CPU
		{17D42C71-9364-4515-A4B2-AAC5C23ADD57}.Debug|Any CPU.Build.0 = Debug|Any CPU
		{17D42C71-9364-4515-A4B2-AAC5C23ADD57}.Release|Any CPU.ActiveCfg = Release|Any CPU
		{17D42C71-9364-4515-A4B2-AAC5C23ADD57}.Release|Any CPU.Build.0 = Release|Any CPU
		{2695E959-97CA-4006-85ED-1977E516EEA0}.Debug|Any CPU.ActiveCfg = Debug|Any CPU
		{2695E959-97CA-4006-85ED-1977E516EEA0}.Debug|Any CPU.Build.0 = Debug|Any CPU
		{2695E959-97CA-4006-85ED-1977E516EEA0}.Release|Any CPU.ActiveCfg = Release|Any CPU
		{2695E959-97CA-4006-85ED-1977E516EEA0}.Release|Any CPU.Build.0 = Release|Any CPU
	EndGlobalSection
	GlobalSection(SolutionProperties) = preSolution
		HideSolutionNode = FALSE
	EndGlobalSection
	GlobalSection(NestedProjects) = preSolution
		{17D42C71-9364-4515-A4B2-AAC5C23ADD57} = {E781531F-092B-4BA7-88FE-3386629406E5}
		{2695E959-97CA-4006-85ED-1977E516EEA0} = {0FB2AD62-60D2-47C6-8A6D-E397A414DAC9}
	EndGlobalSection
	GlobalSection(ExtensibilityGlobals) = postSolution
		SolutionGuid = {3CE6FD87-EABD-40E0-BE1A-D506B8154C27}
	EndGlobalSection
EndGlobal
